// !$*UTF8*$!
{
	archiveVersion = 1;
	classes = {
	};
	objectVersion = 77;
	objects = {

/* Begin PBXBuildFile section */
		77C7CB292E94B22900762F0A /* FirebaseAnalytics in Frameworks */ = {isa = PBXBuildFile; productRef = 77C7CB282E94B22900762F0A /* FirebaseAnalytics */; };
		77C7CB2B2E94B22900762F0A /* FirebaseAnalyticsCore in Frameworks */ = {isa = PBXBuildFile; productRef = 77C7CB2A2E94B22900762F0A /* FirebaseAnalyticsCore */; };
		77C7CB2D2E94B22900762F0A /* FirebaseAuth in Frameworks */ = {isa = PBXBuildFile; productRef = 77C7CB2C2E94B22900762F0A /* FirebaseAuth */; };
		77C7CB4A2E94B70300762F0A /* FirebaseFirestore in Frameworks */ = {isa = PBXBuildFile; productRef = 77C7CB492E94B70300762F0A /* FirebaseFirestore */; };
		8E88A7222EA95A5E00ED4F1B /* MSKTiled in Frameworks */ = {isa = PBXBuildFile; productRef = 8E88A7212EA95A5E00ED4F1B /* MSKTiled */; };
		8E88A7312EAB383B00ED4F1B /* SpriteKit.framework in Frameworks */ = {isa = PBXBuildFile; fileRef = 8E88A7302EAB383B00ED4F1B /* SpriteKit.framework */; };
/* End PBXBuildFile section */

/* Begin PBXFileReference section */
		77468A992E8F7DFB005103FF /* StepWorld.app */ = {isa = PBXFileReference; explicitFileType = wrapper.application; includeInIndex = 0; path = StepWorld.app; sourceTree = BUILT_PRODUCTS_DIR; };
		8E88A7302EAB383B00ED4F1B /* SpriteKit.framework */ = {isa = PBXFileReference; lastKnownFileType = wrapper.framework; name = SpriteKit.framework; path = System/Library/Frameworks/SpriteKit.framework; sourceTree = SDKROOT; };
/* End PBXFileReference section */

/* Begin PBXFileSystemSynchronizedBuildFileExceptionSet section */


		F237041B2EADD6AB00D74D68 /* Exceptions for "StepWorld" folder in "StepWorld" target */ = {

			isa = PBXFileSystemSynchronizedBuildFileExceptionSet;
			membershipExceptions = (
				Info.plist,
			);
			target = 77468A982E8F7DFB005103FF /* StepWorld */;
		};
/* End PBXFileSystemSynchronizedBuildFileExceptionSet section */

/* Begin PBXFileSystemSynchronizedRootGroup section */
		77468A9B2E8F7DFB005103FF /* StepWorld */ = {
			isa = PBXFileSystemSynchronizedRootGroup;
			exceptions = (


				F237041B2EADD6AB00D74D68 /* Exceptions for "StepWorld" folder in "StepWorld" target */,
			);
			path = StepWorld;
			sourceTree = "<group>";
		};
/* End PBXFileSystemSynchronizedRootGroup section */

/* Begin PBXFrameworksBuildPhase section */
		77468A962E8F7DFB005103FF /* Frameworks */ = {
			isa = PBXFrameworksBuildPhase;
			buildActionMask = 2147483647;
			files = (
				8E88A7312EAB383B00ED4F1B /* SpriteKit.framework in Frameworks */,
				77C7CB292E94B22900762F0A /* FirebaseAnalytics in Frameworks */,
				77C7CB4A2E94B70300762F0A /* FirebaseFirestore in Frameworks */,
				8E88A7222EA95A5E00ED4F1B /* MSKTiled in Frameworks */,
				77C7CB2D2E94B22900762F0A /* FirebaseAuth in Frameworks */,
				77C7CB2B2E94B22900762F0A /* FirebaseAnalyticsCore in Frameworks */,
			);
			runOnlyForDeploymentPostprocessing = 0;
		};
/* End PBXFrameworksBuildPhase section */

/* Begin PBXGroup section */
		77468A902E8F7DFB005103FF = {
			isa = PBXGroup;
			children = (
				77468A9B2E8F7DFB005103FF /* StepWorld */,
				77C7CB482E94B70300762F0A /* Frameworks */,
				77468A9A2E8F7DFB005103FF /* Products */,
			);
			sourceTree = "<group>";
		};
		77468A9A2E8F7DFB005103FF /* Products */ = {
			isa = PBXGroup;
			children = (
				77468A992E8F7DFB005103FF /* StepWorld.app */,
			);
			name = Products;
			sourceTree = "<group>";
		};
		77C7CB482E94B70300762F0A /* Frameworks */ = {
			isa = PBXGroup;
			children = (
				8E88A7302EAB383B00ED4F1B /* SpriteKit.framework */,
			);
			name = Frameworks;
			sourceTree = "<group>";
		};
/* End PBXGroup section */

/* Begin PBXNativeTarget section */
		77468A982E8F7DFB005103FF /* StepWorld */ = {
			isa = PBXNativeTarget;
			buildConfigurationList = 77468AA42E8F7DFD005103FF /* Build configuration list for PBXNativeTarget "StepWorld" */;
			buildPhases = (
				77468A952E8F7DFB005103FF /* Sources */,
				77468A962E8F7DFB005103FF /* Frameworks */,
				77468A972E8F7DFB005103FF /* Resources */,
			);
			buildRules = (
			);
			dependencies = (
			);
			fileSystemSynchronizedGroups = (
				77468A9B2E8F7DFB005103FF /* StepWorld */,
			);
			name = StepWorld;
			packageProductDependencies = (
				77C7CB282E94B22900762F0A /* FirebaseAnalytics */,
				77C7CB2A2E94B22900762F0A /* FirebaseAnalyticsCore */,
				77C7CB2C2E94B22900762F0A /* FirebaseAuth */,
				77C7CB492E94B70300762F0A /* FirebaseFirestore */,
				8E88A7212EA95A5E00ED4F1B /* MSKTiled */,
			);
			productName = StepWorld;
			productReference = 77468A992E8F7DFB005103FF /* StepWorld.app */;
			productType = "com.apple.product-type.application";
		};
/* End PBXNativeTarget section */

/* Begin PBXProject section */
		77468A912E8F7DFB005103FF /* Project object */ = {
			isa = PBXProject;
			attributes = {
				BuildIndependentTargetsInParallel = 1;
				LastSwiftUpdateCheck = 2600;
				LastUpgradeCheck = 2600;
				TargetAttributes = {
					77468A982E8F7DFB005103FF = {
						CreatedOnToolsVersion = 26.0;
					};
				};
			};
			buildConfigurationList = 77468A942E8F7DFB005103FF /* Build configuration list for PBXProject "StepWorld" */;
			developmentRegion = en;
			hasScannedForEncodings = 0;
			knownRegions = (
				en,
				Base,
			);
			mainGroup = 77468A902E8F7DFB005103FF;
			minimizedProjectReferenceProxies = 1;
			packageReferences = (
				77C7CB272E94B22900762F0A /* XCRemoteSwiftPackageReference "firebase-ios-sdk" */,
				8E88A7202EA95A5E00ED4F1B /* XCRemoteSwiftPackageReference "MSKTiled" */,
			);
			preferredProjectObjectVersion = 77;
			productRefGroup = 77468A9A2E8F7DFB005103FF /* Products */;
			projectDirPath = "";
			projectRoot = "";
			targets = (
				77468A982E8F7DFB005103FF /* StepWorld */,
			);
		};
/* End PBXProject section */

/* Begin PBXResourcesBuildPhase section */
		77468A972E8F7DFB005103FF /* Resources */ = {
			isa = PBXResourcesBuildPhase;
			buildActionMask = 2147483647;
			files = (
			);
			runOnlyForDeploymentPostprocessing = 0;
		};
/* End PBXResourcesBuildPhase section */

/* Begin PBXSourcesBuildPhase section */
		77468A952E8F7DFB005103FF /* Sources */ = {
			isa = PBXSourcesBuildPhase;
			buildActionMask = 2147483647;
			files = (
			);
			runOnlyForDeploymentPostprocessing = 0;
		};
/* End PBXSourcesBuildPhase section */

/* Begin XCBuildConfiguration section */
		77468AA22E8F7DFD005103FF /* Debug */ = {
			isa = XCBuildConfiguration;
			buildSettings = {
				ALWAYS_SEARCH_USER_PATHS = NO;
				ASSETCATALOG_COMPILER_GENERATE_SWIFT_ASSET_SYMBOL_EXTENSIONS = YES;
				CLANG_ANALYZER_NONNULL = YES;
				CLANG_ANALYZER_NUMBER_OBJECT_CONVERSION = YES_AGGRESSIVE;
				CLANG_CXX_LANGUAGE_STANDARD = "gnu++20";
				CLANG_ENABLE_MODULES = YES;
				CLANG_ENABLE_OBJC_ARC = YES;
				CLANG_ENABLE_OBJC_WEAK = YES;
				CLANG_WARN_BLOCK_CAPTURE_AUTORELEASING = YES;
				CLANG_WARN_BOOL_CONVERSION = YES;
				CLANG_WARN_COMMA = YES;
				CLANG_WARN_CONSTANT_CONVERSION = YES;
				CLANG_WARN_DEPRECATED_OBJC_IMPLEMENTATIONS = YES;
				CLANG_WARN_DIRECT_OBJC_ISA_USAGE = YES_ERROR;
				CLANG_WARN_DOCUMENTATION_COMMENTS = YES;
				CLANG_WARN_EMPTY_BODY = YES;
				CLANG_WARN_ENUM_CONVERSION = YES;
				CLANG_WARN_INFINITE_RECURSION = YES;
				CLANG_WARN_INT_CONVERSION = YES;
				CLANG_WARN_NON_LITERAL_NULL_CONVERSION = YES;
				CLANG_WARN_OBJC_IMPLICIT_RETAIN_SELF = YES;
				CLANG_WARN_OBJC_LITERAL_CONVERSION = YES;
				CLANG_WARN_OBJC_ROOT_CLASS = YES_ERROR;
				CLANG_WARN_QUOTED_INCLUDE_IN_FRAMEWORK_HEADER = YES;
				CLANG_WARN_RANGE_LOOP_ANALYSIS = YES;
				CLANG_WARN_STRICT_PROTOTYPES = YES;
				CLANG_WARN_SUSPICIOUS_MOVE = YES;
				CLANG_WARN_UNGUARDED_AVAILABILITY = YES_AGGRESSIVE;
				CLANG_WARN_UNREACHABLE_CODE = YES;
				CLANG_WARN__DUPLICATE_METHOD_MATCH = YES;
				COPY_PHASE_STRIP = NO;
				DEBUG_INFORMATION_FORMAT = dwarf;
				ENABLE_STRICT_OBJC_MSGSEND = YES;
				ENABLE_TESTABILITY = YES;
				ENABLE_USER_SCRIPT_SANDBOXING = YES;
				GCC_C_LANGUAGE_STANDARD = gnu17;
				GCC_DYNAMIC_NO_PIC = NO;
				GCC_NO_COMMON_BLOCKS = YES;
				GCC_OPTIMIZATION_LEVEL = 0;
				GCC_PREPROCESSOR_DEFINITIONS = (
					"DEBUG=1",
					"$(inherited)",
				);
				GCC_WARN_64_TO_32_BIT_CONVERSION = YES;
				GCC_WARN_ABOUT_RETURN_TYPE = YES_ERROR;
				GCC_WARN_UNDECLARED_SELECTOR = YES;
				GCC_WARN_UNINITIALIZED_AUTOS = YES_AGGRESSIVE;
				GCC_WARN_UNUSED_FUNCTION = YES;
				GCC_WARN_UNUSED_VARIABLE = YES;
				IPHONEOS_DEPLOYMENT_TARGET = 26.0;
				LOCALIZATION_PREFERS_STRING_CATALOGS = YES;
				MTL_ENABLE_DEBUG_INFO = INCLUDE_SOURCE;
				MTL_FAST_MATH = YES;
				ONLY_ACTIVE_ARCH = YES;
				SDKROOT = iphoneos;
				SWIFT_ACTIVE_COMPILATION_CONDITIONS = "DEBUG $(inherited)";
				SWIFT_OPTIMIZATION_LEVEL = "-Onone";
			};
			name = Debug;
		};
		77468AA32E8F7DFD005103FF /* Release */ = {
			isa = XCBuildConfiguration;
			buildSettings = {
				ALWAYS_SEARCH_USER_PATHS = NO;
				ASSETCATALOG_COMPILER_GENERATE_SWIFT_ASSET_SYMBOL_EXTENSIONS = YES;
				CLANG_ANALYZER_NONNULL = YES;
				CLANG_ANALYZER_NUMBER_OBJECT_CONVERSION = YES_AGGRESSIVE;
				CLANG_CXX_LANGUAGE_STANDARD = "gnu++20";
				CLANG_ENABLE_MODULES = YES;
				CLANG_ENABLE_OBJC_ARC = YES;
				CLANG_ENABLE_OBJC_WEAK = YES;
				CLANG_WARN_BLOCK_CAPTURE_AUTORELEASING = YES;
				CLANG_WARN_BOOL_CONVERSION = YES;
				CLANG_WARN_COMMA = YES;
				CLANG_WARN_CONSTANT_CONVERSION = YES;
				CLANG_WARN_DEPRECATED_OBJC_IMPLEMENTATIONS = YES;
				CLANG_WARN_DIRECT_OBJC_ISA_USAGE = YES_ERROR;
				CLANG_WARN_DOCUMENTATION_COMMENTS = YES;
				CLANG_WARN_EMPTY_BODY = YES;
				CLANG_WARN_ENUM_CONVERSION = YES;
				CLANG_WARN_INFINITE_RECURSION = YES;
				CLANG_WARN_INT_CONVERSION = YES;
				CLANG_WARN_NON_LITERAL_NULL_CONVERSION = YES;
				CLANG_WARN_OBJC_IMPLICIT_RETAIN_SELF = YES;
				CLANG_WARN_OBJC_LITERAL_CONVERSION = YES;
				CLANG_WARN_OBJC_ROOT_CLASS = YES_ERROR;
				CLANG_WARN_QUOTED_INCLUDE_IN_FRAMEWORK_HEADER = YES;
				CLANG_WARN_RANGE_LOOP_ANALYSIS = YES;
				CLANG_WARN_STRICT_PROTOTYPES = YES;
				CLANG_WARN_SUSPICIOUS_MOVE = YES;
				CLANG_WARN_UNGUARDED_AVAILABILITY = YES_AGGRESSIVE;
				CLANG_WARN_UNREACHABLE_CODE = YES;
				CLANG_WARN__DUPLICATE_METHOD_MATCH = YES;
				COPY_PHASE_STRIP = NO;
				DEBUG_INFORMATION_FORMAT = "dwarf-with-dsym";
				ENABLE_NS_ASSERTIONS = NO;
				ENABLE_STRICT_OBJC_MSGSEND = YES;
				ENABLE_USER_SCRIPT_SANDBOXING = YES;
				GCC_C_LANGUAGE_STANDARD = gnu17;
				GCC_NO_COMMON_BLOCKS = YES;
				GCC_WARN_64_TO_32_BIT_CONVERSION = YES;
				GCC_WARN_ABOUT_RETURN_TYPE = YES_ERROR;
				GCC_WARN_UNDECLARED_SELECTOR = YES;
				GCC_WARN_UNINITIALIZED_AUTOS = YES_AGGRESSIVE;
				GCC_WARN_UNUSED_FUNCTION = YES;
				GCC_WARN_UNUSED_VARIABLE = YES;
				IPHONEOS_DEPLOYMENT_TARGET = 26.0;
				LOCALIZATION_PREFERS_STRING_CATALOGS = YES;
				MTL_ENABLE_DEBUG_INFO = NO;
				MTL_FAST_MATH = YES;
				SDKROOT = iphoneos;
				SWIFT_COMPILATION_MODE = wholemodule;
				VALIDATE_PRODUCT = YES;
			};
			name = Release;
		};
		77468AA52E8F7DFD005103FF /* Debug */ = {
			isa = XCBuildConfiguration;
			buildSettings = {
				ASSETCATALOG_COMPILER_APPICON_NAME = AppIcon;
				ASSETCATALOG_COMPILER_GLOBAL_ACCENT_COLOR_NAME = AccentColor;
				CODE_SIGN_ENTITLEMENTS = StepWorld/StepWorld.entitlements;
				CODE_SIGN_STYLE = Automatic;
				CURRENT_PROJECT_VERSION = 1;
				DEVELOPMENT_TEAM = "";
				ENABLE_PREVIEWS = YES;
				GENERATE_INFOPLIST_FILE = YES;
				INFOPLIST_FILE = StepWorld/Info.plist;
				INFOPLIST_KEY_NSHealthShareUsageDescription = "This app uses Health data to show your daily steps.";
				INFOPLIST_KEY_NSHealthUpdateUsageDescription = "This app writes your activity data to Health.";
				INFOPLIST_KEY_UIApplicationSceneManifest_Generation = YES;
				INFOPLIST_KEY_UIApplicationSupportsIndirectInputEvents = YES;
				INFOPLIST_KEY_UILaunchScreen_Generation = YES;
				INFOPLIST_KEY_UISupportedInterfaceOrientations_iPad = "UIInterfaceOrientationPortrait UIInterfaceOrientationPortraitUpsideDown UIInterfaceOrientationLandscapeLeft UIInterfaceOrientationLandscapeRight";
				INFOPLIST_KEY_UISupportedInterfaceOrientations_iPhone = "UIInterfaceOrientationPortrait UIInterfaceOrientationLandscapeLeft UIInterfaceOrientationLandscapeRight";
				IPHONEOS_DEPLOYMENT_TARGET = 18.6;
				LD_RUNPATH_SEARCH_PATHS = (
					"$(inherited)",
					"@executable_path/Frameworks",
				);
				MARKETING_VERSION = 1.0;
				PRODUCT_BUNDLE_IDENTIFIER = StepWorldDevTeam.StepWorld;
				PRODUCT_NAME = "$(TARGET_NAME)";
				STRING_CATALOG_GENERATE_SYMBOLS = YES;
				SWIFT_APPROACHABLE_CONCURRENCY = YES;
				SWIFT_DEFAULT_ACTOR_ISOLATION = MainActor;
				SWIFT_EMIT_LOC_STRINGS = YES;
				SWIFT_UPCOMING_FEATURE_MEMBER_IMPORT_VISIBILITY = YES;
				SWIFT_VERSION = 5.0;
				TARGETED_DEVICE_FAMILY = "1,2";
			};
			name = Debug;
		};
		77468AA62E8F7DFD005103FF /* Release */ = {
			isa = XCBuildConfiguration;
			buildSettings = {
				ASSETCATALOG_COMPILER_APPICON_NAME = AppIcon;
				ASSETCATALOG_COMPILER_GLOBAL_ACCENT_COLOR_NAME = AccentColor;
				CODE_SIGN_ENTITLEMENTS = StepWorld/StepWorld.entitlements;
				CODE_SIGN_STYLE = Automatic;
				CURRENT_PROJECT_VERSION = 1;
				DEVELOPMENT_TEAM = "";
				ENABLE_PREVIEWS = YES;
				GENERATE_INFOPLIST_FILE = YES;
				INFOPLIST_FILE = StepWorld/Info.plist;
				INFOPLIST_KEY_NSHealthShareUsageDescription = "This app uses Health data to show your daily steps.";
				INFOPLIST_KEY_NSHealthUpdateUsageDescription = "This app writes your activity data to Health.";
				INFOPLIST_KEY_UIApplicationSceneManifest_Generation = YES;
				INFOPLIST_KEY_UIApplicationSupportsIndirectInputEvents = YES;
				INFOPLIST_KEY_UILaunchScreen_Generation = YES;
				INFOPLIST_KEY_UISupportedInterfaceOrientations_iPad = "UIInterfaceOrientationPortrait UIInterfaceOrientationPortraitUpsideDown UIInterfaceOrientationLandscapeLeft UIInterfaceOrientationLandscapeRight";
				INFOPLIST_KEY_UISupportedInterfaceOrientations_iPhone = "UIInterfaceOrientationPortrait UIInterfaceOrientationLandscapeLeft UIInterfaceOrientationLandscapeRight";
				IPHONEOS_DEPLOYMENT_TARGET = 18.6;
				LD_RUNPATH_SEARCH_PATHS = (
					"$(inherited)",
					"@executable_path/Frameworks",
				);
				MARKETING_VERSION = 1.0;
				PRODUCT_BUNDLE_IDENTIFIER = StepWorldDevTeam.StepWorld;
				PRODUCT_NAME = "$(TARGET_NAME)";
				STRING_CATALOG_GENERATE_SYMBOLS = YES;
				SWIFT_APPROACHABLE_CONCURRENCY = YES;
				SWIFT_DEFAULT_ACTOR_ISOLATION = MainActor;
				SWIFT_EMIT_LOC_STRINGS = YES;
				SWIFT_UPCOMING_FEATURE_MEMBER_IMPORT_VISIBILITY = YES;
				SWIFT_VERSION = 5.0;
				TARGETED_DEVICE_FAMILY = "1,2";
			};
			name = Release;
		};
/* End XCBuildConfiguration section */

/* Begin XCConfigurationList section */
		77468A942E8F7DFB005103FF /* Build configuration list for PBXProject "StepWorld" */ = {
			isa = XCConfigurationList;
			buildConfigurations = (
				77468AA22E8F7DFD005103FF /* Debug */,
				77468AA32E8F7DFD005103FF /* Release */,
			);
			defaultConfigurationIsVisible = 0;
			defaultConfigurationName = Release;
		};
		77468AA42E8F7DFD005103FF /* Build configuration list for PBXNativeTarget "StepWorld" */ = {
			isa = XCConfigurationList;
			buildConfigurations = (
				77468AA52E8F7DFD005103FF /* Debug */,
				77468AA62E8F7DFD005103FF /* Release */,
			);
			defaultConfigurationIsVisible = 0;
			defaultConfigurationName = Release;
		};
/* End XCConfigurationList section */

/* Begin XCRemoteSwiftPackageReference section */
		77C7CB272E94B22900762F0A /* XCRemoteSwiftPackageReference "firebase-ios-sdk" */ = {
			isa = XCRemoteSwiftPackageReference;
			repositoryURL = "https://github.com/firebase/firebase-ios-sdk";
			requirement = {
				kind = upToNextMajorVersion;
				minimumVersion = 12.3.0;
			};
		};
		8E88A7202EA95A5E00ED4F1B /* XCRemoteSwiftPackageReference "MSKTiled" */ = {
			isa = XCRemoteSwiftPackageReference;
			repositoryURL = "https://github.com/sanderfrenken/MSKTiled";
			requirement = {
				kind = upToNextMajorVersion;
				minimumVersion = 2.0.10;
			};
		};
/* End XCRemoteSwiftPackageReference section */

/* Begin XCSwiftPackageProductDependency section */
		77C7CB282E94B22900762F0A /* FirebaseAnalytics */ = {
			isa = XCSwiftPackageProductDependency;
			package = 77C7CB272E94B22900762F0A /* XCRemoteSwiftPackageReference "firebase-ios-sdk" */;
			productName = FirebaseAnalytics;
		};
		77C7CB2A2E94B22900762F0A /* FirebaseAnalyticsCore */ = {
			isa = XCSwiftPackageProductDependency;
			package = 77C7CB272E94B22900762F0A /* XCRemoteSwiftPackageReference "firebase-ios-sdk" */;
			productName = FirebaseAnalyticsCore;
		};
		77C7CB2C2E94B22900762F0A /* FirebaseAuth */ = {
			isa = XCSwiftPackageProductDependency;
			package = 77C7CB272E94B22900762F0A /* XCRemoteSwiftPackageReference "firebase-ios-sdk" */;
			productName = FirebaseAuth;
		};
		77C7CB492E94B70300762F0A /* FirebaseFirestore */ = {
			isa = XCSwiftPackageProductDependency;
			package = 77C7CB272E94B22900762F0A /* XCRemoteSwiftPackageReference "firebase-ios-sdk" */;
			productName = FirebaseFirestore;
		};
		8E88A7212EA95A5E00ED4F1B /* MSKTiled */ = {
			isa = XCSwiftPackageProductDependency;
			package = 8E88A7202EA95A5E00ED4F1B /* XCRemoteSwiftPackageReference "MSKTiled" */;
			productName = MSKTiled;
		};
/* End XCSwiftPackageProductDependency section */
	};
	rootObject = 77468A912E8F7DFB005103FF /* Project object */;
}
